<?xml version="1.0" encoding="utf-8"?>
<Project ToolsVersion="4.0" xmlns="http://schemas.microsoft.com/developer/msbuild/2003">
  <ItemGroup>
    <ClCompile Include="main.cpp">
      <Filter>Source Files</Filter>
    </ClCompile>
    <ClCompile Include="Mesh.cpp">
      <Filter>Source Files</Filter>
    </ClCompile>
    <ClCompile Include="thirdpatry\imgui-master\imgui.cpp">
      <Filter>Source Files\imgui</Filter>
    </ClCompile>
    <ClCompile Include="thirdpatry\imgui-master\imgui_demo.cpp">
      <Filter>Source Files\imgui</Filter>
    </ClCompile>
    <ClCompile Include="thirdpatry\imgui-master\imgui_draw.cpp">
      <Filter>Source Files\imgui</Filter>
    </ClCompile>
    <ClCompile Include="thirdpatry\imgui-master\imgui_tables.cpp">
      <Filter>Source Files\imgui</Filter>
    </ClCompile>
    <ClCompile Include="thirdpatry\imgui-master\imgui_widgets.cpp">
      <Filter>Source Files\imgui</Filter>
    </ClCompile>
    <ClCompile Include="thirdpatry\imgui-master\backends\imgui_impl_glfw.cpp">
      <Filter>Source Files\imgui</Filter>
    </ClCompile>
    <ClCompile Include="thirdpatry\imgui-master\backends\imgui_impl_opengl3.cpp">
      <Filter>Source Files\imgui</Filter>
    </ClCompile>
    <ClCompile Include="Shader.cpp">
      <Filter>Source Files</Filter>
    </ClCompile>
    <ClCompile Include="TextureLoader.cpp">
      <Filter>Source Files</Filter>
    </ClCompile>
    <ClCompile Include="ImGuiLayer.cpp">
      <Filter>Source Files</Filter>
    </ClCompile>
    <ClCompile Include="Camera.cpp">
      <Filter>Source Files</Filter>
    </ClCompile>
    <ClCompile Include="CameraController.cpp">
      <Filter>Source Files</Filter>
    </ClCompile>
    <ClCompile Include="miniaudio.c">
      <Filter>Source Files</Filter>
    </ClCompile>
    <ClCompile Include="SoundManager.cpp">
      <Filter>Source Files</Filter>
    </ClCompile>
    <ClCompile Include="SceneManager.cpp">
      <Filter>Source Files</Filter>
    </ClCompile>
    <ClCompile Include="Skybox.cpp">
      <Filter>Source Files</Filter>
    </ClCompile>
  </ItemGroup>
  <ItemGroup>
    <Filter Include="Header Files">
      <UniqueIdentifier>{be5dfc39-423c-439b-a989-2dc1d627b19a}</UniqueIdentifier>
    </Filter>
    <Filter Include="Source Files">
      <UniqueIdentifier>{6166450b-d03c-4a81-9a37-8825e234c8d0}</UniqueIdentifier>
    </Filter>
    <Filter Include="Header Files\Imgui">
      <UniqueIdentifier>{895c4a9d-14cd-4581-8154-34d6017ad345}</UniqueIdentifier>
    </Filter>
    <Filter Include="Source Files\imgui">
      <UniqueIdentifier>{3edf01dc-8afe-47c4-b62b-f1f51c9e7974}</UniqueIdentifier>
    </Filter>
    <Filter Include="Source Files\Texture">
      <UniqueIdentifier>{4c56e477-4072-4e54-9e54-5d02b18eef47}</UniqueIdentifier>
    </Filter>
  </ItemGroup>
  <ItemGroup>
    <ClInclude Include="Mesh.hpp">
      <Filter>Header Files</Filter>
    </ClInclude>
    <ClInclude Include="thirdpatry\imgui-master\imconfig.h">
      <Filter>Header Files\Imgui</Filter>
    </ClInclude>
    <ClInclude Include="thirdpatry\imgui-master\imgui.h">
      <Filter>Header Files\Imgui</Filter>
    </ClInclude>
    <ClInclude Include="thirdpatry\imgui-master\imgui_internal.h">
      <Filter>Header Files\Imgui</Filter>
    </ClInclude>
    <ClInclude Include="thirdpatry\imgui-master\imstb_rectpack.h">
      <Filter>Header Files\Imgui</Filter>
    </ClInclude>
    <ClInclude Include="thirdpatry\imgui-master\imstb_textedit.h">
      <Filter>Header Files\Imgui</Filter>
    </ClInclude>
    <ClInclude Include="thirdpatry\imgui-master\imstb_truetype.h">
      <Filter>Header Files\Imgui</Filter>
    </ClInclude>
    <ClInclude Include="thirdpatry\imgui-master\backends\imgui_impl_glfw.h">
      <Filter>Header Files\Imgui</Filter>
    </ClInclude>
    <ClInclude Include="thirdpatry\imgui-master\backends\imgui_impl_opengl3.h">
      <Filter>Header Files\Imgui</Filter>
    </ClInclude>
    <ClInclude Include="thirdpatry\imgui-master\backends\imgui_impl_opengl3_loader.h">
      <Filter>Header Files\Imgui</Filter>
    </ClInclude>
    <ClInclude Include="Camera.hpp">
      <Filter>Header Files</Filter>
    </ClInclude>
    <ClInclude Include="Shader.hpp">
      <Filter>Header Files</Filter>
    </ClInclude>
    <ClInclude Include="TextureLoader.hpp">
      <Filter>Header Files</Filter>
    </ClInclude>
    <ClInclude Include="ImGuiLayer.hpp">
      <Filter>Header Files</Filter>
    </ClInclude>
    <ClInclude Include="CameraController.hpp">
      <Filter>Header Files</Filter>
    </ClInclude>
    <ClInclude Include="miniaudio.h">
      <Filter>Header Files</Filter>
    </ClInclude>
    <ClInclude Include="SoundManager.hpp">
      <Filter>Header Files</Filter>
    </ClInclude>
    <ClInclude Include="SceneManager.hpp">
      <Filter>Header Files</Filter>
    </ClInclude>
    <ClInclude Include="Skybox.hpp">
      <Filter>Header Files</Filter>
    </ClInclude>
  </ItemGroup>
  <ItemGroup>
    <Image Include="assets\paper_texture.png">
      <Filter>Source Files\Texture</Filter>
    </Image>
  </ItemGroup>
  <ItemGroup>
    <None Include="config.json" />
  </ItemGroup>
</Project>